lockfileVersion: '9.0'

settings:
  autoInstallPeers: true
  excludeLinksFromLockfile: false

importers:

  .:
    dependencies:
      supports-hyperlinks:
        specifier: ^4
        version: 4.4.0

packages:

  has-flag@5.0.1:
    resolution: {integrity: sha512-CsNUt5x9LUdx6hnk/E2SZLsDyvfqANZSUq4+D3D8RzDJ2M+HDTIkF60ibS1vHaK55vzgiZw1bEPFG9yH7l33wA==}
    engines: {node: '>=12'}

  supports-color@10.2.2:
    resolution: {integrity: sha512-SS+jx45GF1QjgEXQx4NJZV9ImqmO2NPz5FNsIHrsDjh2YsHnawpan7SNQ1o8NuhrbHZy9AZhIoCUiCeaW/C80g==}
    engines: {node: '>=18'}

  supports-hyperlinks@4.4.0:
    resolution: {integrity: sha512-UKbpT93hN5Nr9go5UY7bopIB9YQlMz9nm/ct4IXt/irb5YRkn9WaqrOBJGZ5Pwvsd5FQzSVeYlGdXoCAPQZrPg==}
    engines: {node: '>=20'}

snapshots:

  has-flag@5.0.1: {}

  supports-color@10.2.2: {}

  supports-hyperlinks@4.4.0:
    dependencies:
      has-flag: 5.0.1
      supports-color: 10.2.2
